
Microsoft Visual Studio Solution File, Format Version 12.00
# Visual Studio Version 17
VisualStudioVersion = 17.11.35327.3
MinimumVisualStudioVersion = 10.0.40219.1
Project("{2150E333-8FDC-42A3-9474-1A3956D46DE8}") = "src", "src", "{98C7C5D9-DD81-4982-8D3A-FD2C9244B900}"
EndProject
Project("{2150E333-8FDC-42A3-9474-1A3956D46DE8}") = "tst", "tst", "{16AF93F3-BFCF-440C-810B-8C1A424DBF07}"
EndProject
Project("{FAE04EC0-301F-11D3-BF4B-00C04F79EFBC}") = "Bucket.Service", "src\Bucket.Service\Bucket.Service.csproj", "{03E02B11-F617-44E6-940D-2DAB9A0ABBE2}"
EndProject
Project("{FAE04EC0-301F-11D3-BF4B-00C04F79EFBC}") = "Bucket.Host", "src\Bucket.Host\Bucket.Host.csproj", "{B45E7491-BEC7-4BD0-AE4A-2314FA6D4F03}"
EndProject
Project("{FAE04EC0-301F-11D3-BF4B-00C04F79EFBC}") = "Bucket.Tests", "tst\Bucket.Tests\Bucket.Tests.csproj", "{2B8FFA7F-815C-4787-9D7B-034AE14C4703}"
EndProject
Project("{2150E333-8FDC-42A3-9474-1A3956D46DE8}") = "misc", "misc", "{9FFA0766-E417-4669-8D67-7ACFE3805524}"
	ProjectSection(SolutionItems) = preProject
		readme.md = readme.md
	EndProjectSection
EndProject
Global
	GlobalSection(SolutionConfigurationPlatforms) = preSolution
		Debug|Any CPU = Debug|Any CPU
		Release|Any CPU = Release|Any CPU
	EndGlobalSection
	GlobalSection(ProjectConfigurationPlatforms) = postSolution
		{03E02B11-F617-44E6-940D-2DAB9A0ABBE2}.Debug|Any CPU.ActiveCfg = Debug|Any CPU
		{03E02B11-F617-44E6-940D-2DAB9A0ABBE2}.Debug|Any CPU.Build.0 = Debug|Any CPU
		{03E02B11-F617-44E6-940D-2DAB9A0ABBE2}.Release|Any CPU.ActiveCfg = Release|Any CPU
		{03E02B11-F617-44E6-940D-2DAB9A0ABBE2}.Release|Any CPU.Build.0 = Release|Any CPU
		{B45E7491-BEC7-4BD0-AE4A-2314FA6D4F03}.Debug|Any CPU.ActiveCfg = Debug|Any CPU
		{B45E7491-BEC7-4BD0-AE4A-2314FA6D4F03}.Debug|Any CPU.Build.0 = Debug|Any CPU
		{B45E7491-BEC7-4BD0-AE4A-2314FA6D4F03}.Release|Any CPU.ActiveCfg = Release|Any CPU
		{B45E7491-BEC7-4BD0-AE4A-2314FA6D4F03}.Release|Any CPU.Build.0 = Release|Any CPU
		{2B8FFA7F-815C-4787-9D7B-034AE14C4703}.Debug|Any CPU.ActiveCfg = Debug|Any CPU
		{2B8FFA7F-815C-4787-9D7B-034AE14C4703}.Debug|Any CPU.Build.0 = Debug|Any CPU
		{2B8FFA7F-815C-4787-9D7B-034AE14C4703}.Release|Any CPU.ActiveCfg = Release|Any CPU
		{2B8FFA7F-815C-4787-9D7B-034AE14C4703}.Release|Any CPU.Build.0 = Release|Any CPU
	EndGlobalSection
	GlobalSection(SolutionProperties) = preSolution
		HideSolutionNode = FALSE
	EndGlobalSection
	GlobalSection(NestedProjects) = preSolution
		{03E02B11-F617-44E6-940D-2DAB9A0ABBE2} = {98C7C5D9-DD81-4982-8D3A-FD2C9244B900}
		{B45E7491-BEC7-4BD0-AE4A-2314FA6D4F03} = {98C7C5D9-DD81-4982-8D3A-FD2C9244B900}
		{2B8FFA7F-815C-4787-9D7B-034AE14C4703} = {16AF93F3-BFCF-440C-810B-8C1A424DBF07}
	EndGlobalSection
	GlobalSection(ExtensibilityGlobals) = postSolution
		SolutionGuid = {35A8EA8B-49B4-4127-A369-5A520724E2B4}
	EndGlobalSection
EndGlobal
