
Microsoft Visual Studio Solution File, Format Version 12.00
# Visual Studio Version 17
VisualStudioVersion = 17.11.35327.3
MinimumVisualStudioVersion = 10.0.40219.1
Project("{2150E333-8FDC-42A3-9474-1A3956D46DE8}") = "src", "src", "{98C7C5D9-DD81-4982-8D3A-FD2C9244B900}"
EndProject
Project("{2150E333-8FDC-42A3-9474-1A3956D46DE8}") = "tst", "tst", "{16AF93F3-BFCF-440C-810B-8C1A424DBF07}"
EndProject
Project("{9A19103F-16F7-4668-BE54-9A1E7A4F7556}") = "Kompozer.Host", "src\Kompozer.Host\Kompozer.Host.csproj", "{1D403DDD-8BEA-4985-9D7D-867AA5F7F2B3}"
EndProject
Project("{9A19103F-16F7-4668-BE54-9A1E7A4F7556}") = "Kompozer.Service", "src\Kompozer.Service\Kompozer.Service.csproj", "{E97887CD-4AB0-448F-88F8-028D196FBD08}"
EndProject
Project("{9A19103F-16F7-4668-BE54-9A1E7A4F7556}") = "Kompozer.Tests", "tst\Kompozer.Tests\Kompozer.Tests.csproj", "{56CCD08B-A426-4AA8-B45E-A7868EDB264F}"
EndProject
Global
	GlobalSection(SolutionConfigurationPlatforms) = preSolution
		Debug|Any CPU = Debug|Any CPU
		Release|Any CPU = Release|Any CPU
	EndGlobalSection
	GlobalSection(ProjectConfigurationPlatforms) = postSolution
		{1D403DDD-8BEA-4985-9D7D-867AA5F7F2B3}.Debug|Any CPU.ActiveCfg = Debug|Any CPU
		{1D403DDD-8BEA-4985-9D7D-867AA5F7F2B3}.Debug|Any CPU.Build.0 = Debug|Any CPU
		{1D403DDD-8BEA-4985-9D7D-867AA5F7F2B3}.Release|Any CPU.ActiveCfg = Release|Any CPU
		{1D403DDD-8BEA-4985-9D7D-867AA5F7F2B3}.Release|Any CPU.Build.0 = Release|Any CPU
		{E97887CD-4AB0-448F-88F8-028D196FBD08}.Debug|Any CPU.ActiveCfg = Debug|Any CPU
		{E97887CD-4AB0-448F-88F8-028D196FBD08}.Debug|Any CPU.Build.0 = Debug|Any CPU
		{E97887CD-4AB0-448F-88F8-028D196FBD08}.Release|Any CPU.ActiveCfg = Release|Any CPU
		{E97887CD-4AB0-448F-88F8-028D196FBD08}.Release|Any CPU.Build.0 = Release|Any CPU
		{56CCD08B-A426-4AA8-B45E-A7868EDB264F}.Debug|Any CPU.ActiveCfg = Debug|Any CPU
		{56CCD08B-A426-4AA8-B45E-A7868EDB264F}.Debug|Any CPU.Build.0 = Debug|Any CPU
		{56CCD08B-A426-4AA8-B45E-A7868EDB264F}.Release|Any CPU.ActiveCfg = Release|Any CPU
		{56CCD08B-A426-4AA8-B45E-A7868EDB264F}.Release|Any CPU.Build.0 = Release|Any CPU
	EndGlobalSection
	GlobalSection(SolutionProperties) = preSolution
		HideSolutionNode = FALSE
	EndGlobalSection
	GlobalSection(NestedProjects) = preSolution
		{1D403DDD-8BEA-4985-9D7D-867AA5F7F2B3} = {98C7C5D9-DD81-4982-8D3A-FD2C9244B900}
		{E97887CD-4AB0-448F-88F8-028D196FBD08} = {98C7C5D9-DD81-4982-8D3A-FD2C9244B900}
		{56CCD08B-A426-4AA8-B45E-A7868EDB264F} = {16AF93F3-BFCF-440C-810B-8C1A424DBF07}
	EndGlobalSection
	GlobalSection(ExtensibilityGlobals) = postSolution
		SolutionGuid = {35A8EA8B-49B4-4127-A369-5A520724E2B4}
	EndGlobalSection
EndGlobal
